github.com/JoshuaDoes/autogo/autoit v0.0.0-20220107043344-b6e6697fdb7e h1:HpfIlPFGJ/9ahlWCMWw9sU5KoD4MRP/JOFdepAXRggE=
github.com/JoshuaDoes/autogo/autoit v0.0.0-20220107043344-b6e6697fdb7e/go.mod h1:z9062wccpThX45KTfjl1n/Nq6f5ohcDXcnzn32O+5zE=
github.com/google/uuid v1.3.0 h1:t6JiXgmwXMjEs8VusXIJk2BXHsn+wx8BZdTaoZ5fu7I=
github.com/google/uuid v1.3.0/go.mod h1:TIyPZe4MgqvfeYDBFedMoGGpEw/LqOeaOT+nhxU+yHo=
